{
  "name": "common",
  "version": "1.0.0",
  "lockfileVersion": 1,
  "requires": true,
  "dependencies": {
    "@krol22/ecs": {
      "version": "0.1.2",
      "resolved": "https://registry.npmjs.org/@krol22/ecs/-/ecs-0.1.2.tgz",
      "integrity": "sha512-Zdk6w56MQZI/XzoBZWUzeiLqqR2qvPkZ7zmNy0eHtYeNHI26IODYfJSPbxXfA5gxqjShlpOw5THyoiYVvRC48Q=="
    }
  }
}
